// !$*UTF8*$!
{
	archiveVersion = 1;
	classes = {
	};
	objectVersion = 50;
	objects = {

/* Begin PBXBuildFile section */
		AE428EFD2720E2F10079E55D /* Toast.swift in Sources */ = {isa = PBXBuildFile; fileRef = AE428EFC2720E2F10079E55D /* Toast.swift */; };
		AEE89BD926F4E66500C810CF /* AppDelegate.swift in Sources */ = {isa = PBXBuildFile; fileRef = AEE89BD826F4E66500C810CF /* AppDelegate.swift */; };
		AEE89BDB26F4E66500C810CF /* SceneDelegate.swift in Sources */ = {isa = PBXBuildFile; fileRef = AEE89BDA26F4E66500C810CF /* SceneDelegate.swift */; };
		AEE89BDD26F4E66500C810CF /* ViewController.swift in Sources */ = {isa = PBXBuildFile; fileRef = AEE89BDC26F4E66500C810CF /* ViewController.swift */; };
		AEE89BE026F4E66500C810CF /* Main.storyboard in Resources */ = {isa = PBXBuildFile; fileRef = AEE89BDE26F4E66500C810CF /* Main.storyboard */; };
		AEE89BE226F4E66600C810CF /* Assets.xcassets in Resources */ = {isa = PBXBuildFile; fileRef = AEE89BE126F4E66600C810CF /* Assets.xcassets */; };
		AEE89BE526F4E66600C810CF /* LaunchScreen.storyboard in Resources */ = {isa = PBXBuildFile; fileRef = AEE89BE326F4E66600C810CF /* LaunchScreen.storyboard */; };
/* End PBXBuildFile section */

/* Begin PBXFileReference section */
		AE428EFC2720E2F10079E55D /* Toast.swift */ = {isa = PBXFileReference; fileEncoding = 4; lastKnownFileType = sourcecode.swift; name = Toast.swift; path = ../../LabINT/Toast.swift; sourceTree = "<group>"; };
		AEE89BD526F4E66500C810CF /* PrjTaxCalculator.app */ = {isa = PBXFileReference; explicitFileType = wrapper.application; includeInIndex = 0; path = PrjTaxCalculator.app; sourceTree = BUILT_PRODUCTS_DIR; };
		AEE89BD826F4E66500C810CF /* AppDelegate.swift */ = {isa = PBXFileReference; lastKnownFileType = sourcecode.swift; path = AppDelegate.swift; sourceTree = "<group>"; };
		AEE89BDA26F4E66500C810CF /* SceneDelegate.swift */ = {isa = PBXFileReference; lastKnownFileType = sourcecode.swift; path = SceneDelegate.swift; sourceTree = "<group>"; };
		AEE89BDC26F4E66500C810CF /* ViewController.swift */ = {isa = PBXFileReference; lastKnownFileType = sourcecode.swift; path = ViewController.swift; sourceTree = "<group>"; };
		AEE89BDF26F4E66500C810CF /* Base */ = {isa = PBXFileReference; lastKnownFileType = file.storyboard; name = Base; path = Base.lproj/Main.storyboard; sourceTree = "<group>"; };
		AEE89BE126F4E66600C810CF /* Assets.xcassets */ = {isa = PBXFileReference; lastKnownFileType = folder.assetcatalog; path = Assets.xcassets; sourceTree = "<group>"; };
		AEE89BE426F4E66600C810CF /* Base */ = {isa = PBXFileReference; lastKnownFileType = file.storyboard; name = Base; path = Base.lproj/LaunchScreen.storyboard; sourceTree = "<group>"; };
		AEE89BE626F4E66600C810CF /* Info.plist */ = {isa = PBXFileReference; lastKnownFileType = text.plist.xml; path = Info.plist; sourceTree = "<group>"; };
/* End PBXFileReference section */

/* Begin PBXFrameworksBuildPhase section */
		AEE89BD226F4E66500C810CF /* Frameworks */ = {
			isa = PBXFrameworksBuildPhase;
			buildActionMask = 2147483647;
			files = (
			);
			runOnlyForDeploymentPostprocessing = 0;
		};
/* End PBXFrameworksBuildPhase section */

/* Begin PBXGroup section */
		AEE89BCC26F4E66500C810CF = {
			isa = PBXGroup;
			children = (
				AEE89BD726F4E66500C810CF /* PrjTaxCalculator */,
				AEE89BD626F4E66500C810CF /* Products */,
			);
			sourceTree = "<group>";
		};
		AEE89BD626F4E66500C810CF /* Products */ = {
			isa = PBXGroup;
			children = (
				AEE89BD526F4E66500C810CF /* PrjTaxCalculator.app */,
			);
			name = Products;
			sourceTree = "<group>";
		};
		AEE89BD726F4E66500C810CF /* PrjTaxCalculator */ = {
			isa = PBXGroup;
			children = (
				AE428EFC2720E2F10079E55D /* Toast.swift */,
				AEE89BD826F4E66500C810CF /* AppDelegate.swift */,
				AEE89BDA26F4E66500C810CF /* SceneDelegate.swift */,
				AEE89BDC26F4E66500C810CF /* ViewController.swift */,
				AEE89BDE26F4E66500C810CF /* Main.storyboard */,
				AEE89BE126F4E66600C810CF /* Assets.xcassets */,
				AEE89BE326F4E66600C810CF /* LaunchScreen.storyboard */,
				AEE89BE626F4E66600C810CF /* Info.plist */,
			);
			path = PrjTaxCalculator;
			sourceTree = "<group>";
		};
/* End PBXGroup section */

/* Begin PBXNativeTarget section */
		AEE89BD426F4E66500C810CF /* PrjTaxCalculator */ = {
			isa = PBXNativeTarget;
			buildConfigurationList = AEE89BE926F4E66600C810CF /* Build configuration list for PBXNativeTarget "PrjTaxCalculator" */;
			buildPhases = (
				AEE89BD126F4E66500C810CF /* Sources */,
				AEE89BD226F4E66500C810CF /* Frameworks */,
				AEE89BD326F4E66500C810CF /* Resources */,
			);
			buildRules = (
			);
			dependencies = (
			);
			name = PrjTaxCalculator;
			productName = PrjTaxCalculator;
			productReference = AEE89BD526F4E66500C810CF /* PrjTaxCalculator.app */;
			productType = "com.apple.product-type.application";
		};
/* End PBXNativeTarget section */

/* Begin PBXProject section */
		AEE89BCD26F4E66500C810CF /* Project object */ = {
			isa = PBXProject;
			attributes = {
				LastSwiftUpdateCheck = 1250;
				LastUpgradeCheck = 1250;
				TargetAttributes = {
					AEE89BD426F4E66500C810CF = {
						CreatedOnToolsVersion = 12.5.1;
					};
				};
			};
			buildConfigurationList = AEE89BD026F4E66500C810CF /* Build configuration list for PBXProject "PrjTaxCalculator" */;
			compatibilityVersion = "Xcode 9.3";
			developmentRegion = en;
			hasScannedForEncodings = 0;
			knownRegions = (
				en,
				Base,
			);
			mainGroup = AEE89BCC26F4E66500C810CF;
			productRefGroup = AEE89BD626F4E66500C810CF /* Products */;
			projectDirPath = "";
			projectRoot = "";
			targets = (
				AEE89BD426F4E66500C810CF /* PrjTaxCalculator */,
			);
		};
/* End PBXProject section */

/* Begin PBXResourcesBuildPhase section */
		AEE89BD326F4E66500C810CF /* Resources */ = {
			isa = PBXResourcesBuildPhase;
			buildActionMask = 2147483647;
			files = (
				AEE89BE526F4E66600C810CF /* LaunchScreen.storyboard in Resources */,
				AEE89BE226F4E66600C810CF /* Assets.xcassets in Resources */,
				AEE89BE026F4E66500C810CF /* Main.storyboard in Resources */,
			);
			runOnlyForDeploymentPostprocessing = 0;
		};
/* End PBXResourcesBuildPhase section */

/* Begin PBXSourcesBuildPhase section */
		AEE89BD126F4E66500C810CF /* Sources */ = {
			isa = PBXSourcesBuildPhase;
			buildActionMask = 2147483647;
			files = (
				AEE89BDD26F4E66500C810CF /* ViewController.swift in Sources */,
				AE428EFD2720E2F10079E55D /* Toast.swift in Sources */,
				AEE89BD926F4E66500C810CF /* AppDelegate.swift in Sources */,
				AEE89BDB26F4E66500C810CF /* SceneDelegate.swift in Sources */,
			);
			runOnlyForDeploymentPostprocessing = 0;
		};
/* End PBXSourcesBuildPhase section */

/* Begin PBXVariantGroup section */
		AEE89BDE26F4E66500C810CF /* Main.storyboard */ = {
			isa = PBXVariantGroup;
			children = (
				AEE89BDF26F4E66500C810CF /* Base */,
			);
			name = Main.storyboard;
			sourceTree = "<group>";
		};
		AEE89BE326F4E66600C810CF /* LaunchScreen.storyboard */ = {
			isa = PBXVariantGroup;
			children = (
				AEE89BE426F4E66600C810CF /* Base */,
			);
			name = LaunchScreen.storyboard;
			sourceTree = "<group>";
		};
/* End PBXVariantGroup section */

/* Begin XCBuildConfiguration section */
		AEE89BE726F4E66600C810CF /* Debug */ = {
			isa = XCBuildConfiguration;
			buildSettings = {
				ALWAYS_SEARCH_USER_PATHS = NO;
				CLANG_ANALYZER_NONNULL = YES;
				CLANG_ANALYZER_NUMBER_OBJECT_CONVERSION = YES_AGGRESSIVE;
				CLANG_CXX_LANGUAGE_STANDARD = "gnu++14";
				CLANG_CXX_LIBRARY = "libc++";
				CLANG_ENABLE_MODULES = YES;
				CLANG_ENABLE_OBJC_ARC = YES;
				CLANG_ENABLE_OBJC_WEAK = YES;
				CLANG_WARN_BLOCK_CAPTURE_AUTORELEASING = YES;
				CLANG_WARN_BOOL_CONVERSION = YES;
				CLANG_WARN_COMMA = YES;
				CLANG_WARN_CONSTANT_CONVERSION = YES;
				CLANG_WARN_DEPRECATED_OBJC_IMPLEMENTATIONS = YES;
				CLANG_WARN_DIRECT_OBJC_ISA_USAGE = YES_ERROR;
				CLANG_WARN_DOCUMENTATION_COMMENTS = YES;
				CLANG_WARN_EMPTY_BODY = YES;
				CLANG_WARN_ENUM_CONVERSION = YES;
				CLANG_WARN_INFINITE_RECURSION = YES;
				CLANG_WARN_INT_CONVERSION = YES;
				CLANG_WARN_NON_LITERAL_NULL_CONVERSION = YES;
				CLANG_WARN_OBJC_IMPLICIT_RETAIN_SELF = YES;
				CLANG_WARN_OBJC_LITERAL_CONVERSION = YES;
				CLANG_WARN_OBJC_ROOT_CLASS = YES_ERROR;
				CLANG_WARN_QUOTED_INCLUDE_IN_FRAMEWORK_HEADER = YES;
				CLANG_WARN_RANGE_LOOP_ANALYSIS = YES;
				CLANG_WARN_STRICT_PROTOTYPES = YES;
				CLANG_WARN_SUSPICIOUS_MOVE = YES;
				CLANG_WARN_UNGUARDED_AVAILABILITY = YES_AGGRESSIVE;
				CLANG_WARN_UNREACHABLE_CODE = YES;
				CLANG_WARN__DUPLICATE_METHOD_MATCH = YES;
				COPY_PHASE_STRIP = NO;
				DEBUG_INFORMATION_FORMAT = dwarf;
				ENABLE_STRICT_OBJC_MSGSEND = YES;
				ENABLE_TESTABILITY = YES;
				GCC_C_LANGUAGE_STANDARD = gnu11;
				GCC_DYNAMIC_NO_PIC = NO;
				GCC_NO_COMMON_BLOCKS = YES;
				GCC_OPTIMIZATION_LEVEL = 0;
				GCC_PREPROCESSOR_DEFINITIONS = (
					"DEBUG=1",
					"$(inherited)",
				);
				GCC_WARN_64_TO_32_BIT_CONVERSION = YES;
				GCC_WARN_ABOUT_RETURN_TYPE = YES_ERROR;
				GCC_WARN_UNDECLARED_SELECTOR = YES;
				GCC_WARN_UNINITIALIZED_AUTOS = YES_AGGRESSIVE;
				GCC_WARN_UNUSED_FUNCTION = YES;
				GCC_WARN_UNUSED_VARIABLE = YES;
				IPHONEOS_DEPLOYMENT_TARGET = 14.5;
				MTL_ENABLE_DEBUG_INFO = INCLUDE_SOURCE;
				MTL_FAST_MATH = YES;
				ONLY_ACTIVE_ARCH = YES;
				SDKROOT = iphoneos;
				SWIFT_ACTIVE_COMPILATION_CONDITIONS = DEBUG;
				SWIFT_OPTIMIZATION_LEVEL = "-Onone";
			};
			name = Debug;
		};
		AEE89BE826F4E66600C810CF /* Release */ = {
			isa = XCBuildConfiguration;
			buildSettings = {
				ALWAYS_SEARCH_USER_PATHS = NO;
				CLANG_ANALYZER_NONNULL = YES;
				CLANG_ANALYZER_NUMBER_OBJECT_CONVERSION = YES_AGGRESSIVE;
				CLANG_CXX_LANGUAGE_STANDARD = "gnu++14";
				CLANG_CXX_LIBRARY = "libc++";
				CLANG_ENABLE_MODULES = YES;
				CLANG_ENABLE_OBJC_ARC = YES;
				CLANG_ENABLE_OBJC_WEAK = YES;
				CLANG_WARN_BLOCK_CAPTURE_AUTORELEASING = YES;
				CLANG_WARN_BOOL_CONVERSION = YES;
				CLANG_WARN_COMMA = YES;
				CLANG_WARN_CONSTANT_CONVERSION = YES;
				CLANG_WARN_DEPRECATED_OBJC_IMPLEMENTATIONS = YES;
				CLANG_WARN_DIRECT_OBJC_ISA_USAGE = YES_ERROR;
				CLANG_WARN_DOCUMENTATION_COMMENTS = YES;
				CLANG_WARN_EMPTY_BODY = YES;
				CLANG_WARN_ENUM_CONVERSION = YES;
				CLANG_WARN_INFINITE_RECURSION = YES;
				CLANG_WARN_INT_CONVERSION = YES;
				CLANG_WARN_NON_LITERAL_NULL_CONVERSION = YES;
				CLANG_WARN_OBJC_IMPLICIT_RETAIN_SELF = YES;
				CLANG_WARN_OBJC_LITERAL_CONVERSION = YES;
				CLANG_WARN_OBJC_ROOT_CLASS = YES_ERROR;
				CLANG_WARN_QUOTED_INCLUDE_IN_FRAMEWORK_HEADER = YES;
				CLANG_WARN_RANGE_LOOP_ANALYSIS = YES;
				CLANG_WARN_STRICT_PROTOTYPES = YES;
				CLANG_WARN_SUSPICIOUS_MOVE = YES;
				CLANG_WARN_UNGUARDED_AVAILABILITY = YES_AGGRESSIVE;
				CLANG_WARN_UNREACHABLE_CODE = YES;
				CLANG_WARN__DUPLICATE_METHOD_MATCH = YES;
				COPY_PHASE_STRIP = NO;
				DEBUG_INFORMATION_FORMAT = "dwarf-with-dsym";
				ENABLE_NS_ASSERTIONS = NO;
				ENABLE_STRICT_OBJC_MSGSEND = YES;
				GCC_C_LANGUAGE_STANDARD = gnu11;
				GCC_NO_COMMON_BLOCKS = YES;
				GCC_WARN_64_TO_32_BIT_CONVERSION = YES;
				GCC_WARN_ABOUT_RETURN_TYPE = YES_ERROR;
				GCC_WARN_UNDECLARED_SELECTOR = YES;
				GCC_WARN_UNINITIALIZED_AUTOS = YES_AGGRESSIVE;
				GCC_WARN_UNUSED_FUNCTION = YES;
				GCC_WARN_UNUSED_VARIABLE = YES;
				IPHONEOS_DEPLOYMENT_TARGET = 14.5;
				MTL_ENABLE_DEBUG_INFO = NO;
				MTL_FAST_MATH = YES;
				SDKROOT = iphoneos;
				SWIFT_COMPILATION_MODE = wholemodule;
				SWIFT_OPTIMIZATION_LEVEL = "-O";
				VALIDATE_PRODUCT = YES;
			};
			name = Release;
		};
		AEE89BEA26F4E66600C810CF /* Debug */ = {
			isa = XCBuildConfiguration;
			buildSettings = {
				ASSETCATALOG_COMPILER_APPICON_NAME = AppIcon;
				ASSETCATALOG_COMPILER_GLOBAL_ACCENT_COLOR_NAME = AccentColor;
				CODE_SIGN_STYLE = Automatic;
				INFOPLIST_FILE = PrjTaxCalculator/Info.plist;
				LD_RUNPATH_SEARCH_PATHS = (
					"$(inherited)",
					"@executable_path/Frameworks",
				);
				PRODUCT_BUNDLE_IDENTIFIER = "Emie-Radjouh.PrjTaxCalculator";
				PRODUCT_NAME = "$(TARGET_NAME)";
				SWIFT_VERSION = 5.0;
				TARGETED_DEVICE_FAMILY = "1,2";
			};
			name = Debug;
		};
		AEE89BEB26F4E66600C810CF /* Release */ = {
			isa = XCBuildConfiguration;
			buildSettings = {
				ASSETCATALOG_COMPILER_APPICON_NAME = AppIcon;
				ASSETCATALOG_COMPILER_GLOBAL_ACCENT_COLOR_NAME = AccentColor;
				CODE_SIGN_STYLE = Automatic;
				INFOPLIST_FILE = PrjTaxCalculator/Info.plist;
				LD_RUNPATH_SEARCH_PATHS = (
					"$(inherited)",
					"@executable_path/Frameworks",
				);
				PRODUCT_BUNDLE_IDENTIFIER = "Emie-Radjouh.PrjTaxCalculator";
				PRODUCT_NAME = "$(TARGET_NAME)";
				SWIFT_VERSION = 5.0;
				TARGETED_DEVICE_FAMILY = "1,2";
			};
			name = Release;
		};
/* End XCBuildConfiguration section */

/* Begin XCConfigurationList section */
		AEE89BD026F4E66500C810CF /* Build configuration list for PBXProject "PrjTaxCalculator" */ = {
			isa = XCConfigurationList;
			buildConfigurations = (
				AEE89BE726F4E66600C810CF /* Debug */,
				AEE89BE826F4E66600C810CF /* Release */,
			);
			defaultConfigurationIsVisible = 0;
			defaultConfigurationName = Release;
		};
		AEE89BE926F4E66600C810CF /* Build configuration list for PBXNativeTarget "PrjTaxCalculator" */ = {
			isa = XCConfigurationList;
			buildConfigurations = (
				AEE89BEA26F4E66600C810CF /* Debug */,
				AEE89BEB26F4E66600C810CF /* Release */,
			);
			defaultConfigurationIsVisible = 0;
			defaultConfigurationName = Release;
		};
/* End XCConfigurationList section */
	};
	rootObject = AEE89BCD26F4E66500C810CF /* Project object */;
}
